// !$*UTF8*$!
{
	archiveVersion = 1;
	classes = {
	};
	objectVersion = 55;
	objects = {

/* Begin PBXBuildFile section */
		F442F00227CEFD1100E48724 /* AppDelegate.swift in Sources */ = {isa = PBXBuildFile; fileRef = F442F00127CEFD1100E48724 /* AppDelegate.swift */; };
		F442F00427CEFD1100E48724 /* SceneDelegate.swift in Sources */ = {isa = PBXBuildFile; fileRef = F442F00327CEFD1100E48724 /* SceneDelegate.swift */; };
		F442F00627CEFD1100E48724 /* ViewController.swift in Sources */ = {isa = PBXBuildFile; fileRef = F442F00527CEFD1100E48724 /* ViewController.swift */; };
		F442F00927CEFD1100E48724 /* Main.storyboard in Resources */ = {isa = PBXBuildFile; fileRef = F442F00727CEFD1100E48724 /* Main.storyboard */; };
		F442F00B27CEFD1200E48724 /* Assets.xcassets in Resources */ = {isa = PBXBuildFile; fileRef = F442F00A27CEFD1200E48724 /* Assets.xcassets */; };
		F442F00E27CEFD1200E48724 /* LaunchScreen.storyboard in Resources */ = {isa = PBXBuildFile; fileRef = F442F00C27CEFD1200E48724 /* LaunchScreen.storyboard */; };
		F442F01927CEFD1300E48724 /* RenderingTextToMultimediaTests.swift in Sources */ = {isa = PBXBuildFile; fileRef = F442F01827CEFD1300E48724 /* RenderingTextToMultimediaTests.swift */; };
		F442F02327CEFD1300E48724 /* RenderingTextToMultimediaUITests.swift in Sources */ = {isa = PBXBuildFile; fileRef = F442F02227CEFD1300E48724 /* RenderingTextToMultimediaUITests.swift */; };
		F442F02527CEFD1300E48724 /* RenderingTextToMultimediaUITestsLaunchTests.swift in Sources */ = {isa = PBXBuildFile; fileRef = F442F02427CEFD1300E48724 /* RenderingTextToMultimediaUITestsLaunchTests.swift */; };
/* End PBXBuildFile section */

/* Begin PBXContainerItemProxy section */
		F442F01527CEFD1300E48724 /* PBXContainerItemProxy */ = {
			isa = PBXContainerItemProxy;
			containerPortal = F442EFF627CEFD1100E48724 /* Project object */;
			proxyType = 1;
			remoteGlobalIDString = F442EFFD27CEFD1100E48724;
			remoteInfo = RenderingTextToMultimedia;
		};
		F442F01F27CEFD1300E48724 /* PBXContainerItemProxy */ = {
			isa = PBXContainerItemProxy;
			containerPortal = F442EFF627CEFD1100E48724 /* Project object */;
			proxyType = 1;
			remoteGlobalIDString = F442EFFD27CEFD1100E48724;
			remoteInfo = RenderingTextToMultimedia;
		};
/* End PBXContainerItemProxy section */

/* Begin PBXFileReference section */
		F442EFFE27CEFD1100E48724 /* RenderingTextToMultimedia.app */ = {isa = PBXFileReference; explicitFileType = wrapper.application; includeInIndex = 0; path = RenderingTextToMultimedia.app; sourceTree = BUILT_PRODUCTS_DIR; };
		F442F00127CEFD1100E48724 /* AppDelegate.swift */ = {isa = PBXFileReference; lastKnownFileType = sourcecode.swift; path = AppDelegate.swift; sourceTree = "<group>"; };
		F442F00327CEFD1100E48724 /* SceneDelegate.swift */ = {isa = PBXFileReference; lastKnownFileType = sourcecode.swift; path = SceneDelegate.swift; sourceTree = "<group>"; };
		F442F00527CEFD1100E48724 /* ViewController.swift */ = {isa = PBXFileReference; lastKnownFileType = sourcecode.swift; path = ViewController.swift; sourceTree = "<group>"; };
		F442F00827CEFD1100E48724 /* Base */ = {isa = PBXFileReference; lastKnownFileType = file.storyboard; name = Base; path = Base.lproj/Main.storyboard; sourceTree = "<group>"; };
		F442F00A27CEFD1200E48724 /* Assets.xcassets */ = {isa = PBXFileReference; lastKnownFileType = folder.assetcatalog; path = Assets.xcassets; sourceTree = "<group>"; };
		F442F00D27CEFD1200E48724 /* Base */ = {isa = PBXFileReference; lastKnownFileType = file.storyboard; name = Base; path = Base.lproj/LaunchScreen.storyboard; sourceTree = "<group>"; };
		F442F00F27CEFD1200E48724 /* Info.plist */ = {isa = PBXFileReference; lastKnownFileType = text.plist.xml; path = Info.plist; sourceTree = "<group>"; };
		F442F01427CEFD1300E48724 /* RenderingTextToMultimediaTests.xctest */ = {isa = PBXFileReference; explicitFileType = wrapper.cfbundle; includeInIndex = 0; path = RenderingTextToMultimediaTests.xctest; sourceTree = BUILT_PRODUCTS_DIR; };
		F442F01827CEFD1300E48724 /* RenderingTextToMultimediaTests.swift */ = {isa = PBXFileReference; lastKnownFileType = sourcecode.swift; path = RenderingTextToMultimediaTests.swift; sourceTree = "<group>"; };
		F442F01E27CEFD1300E48724 /* RenderingTextToMultimediaUITests.xctest */ = {isa = PBXFileReference; explicitFileType = wrapper.cfbundle; includeInIndex = 0; path = RenderingTextToMultimediaUITests.xctest; sourceTree = BUILT_PRODUCTS_DIR; };
		F442F02227CEFD1300E48724 /* RenderingTextToMultimediaUITests.swift */ = {isa = PBXFileReference; lastKnownFileType = sourcecode.swift; path = RenderingTextToMultimediaUITests.swift; sourceTree = "<group>"; };
		F442F02427CEFD1300E48724 /* RenderingTextToMultimediaUITestsLaunchTests.swift */ = {isa = PBXFileReference; lastKnownFileType = sourcecode.swift; path = RenderingTextToMultimediaUITestsLaunchTests.swift; sourceTree = "<group>"; };
/* End PBXFileReference section */

/* Begin PBXFrameworksBuildPhase section */
		F442EFFB27CEFD1100E48724 /* Frameworks */ = {
			isa = PBXFrameworksBuildPhase;
			buildActionMask = 2147483647;
			files = (
			);
			runOnlyForDeploymentPostprocessing = 0;
		};
		F442F01127CEFD1300E48724 /* Frameworks */ = {
			isa = PBXFrameworksBuildPhase;
			buildActionMask = 2147483647;
			files = (
			);
			runOnlyForDeploymentPostprocessing = 0;
		};
		F442F01B27CEFD1300E48724 /* Frameworks */ = {
			isa = PBXFrameworksBuildPhase;
			buildActionMask = 2147483647;
			files = (
			);
			runOnlyForDeploymentPostprocessing = 0;
		};
/* End PBXFrameworksBuildPhase section */

/* Begin PBXGroup section */
		F442EFF527CEFD1100E48724 = {
			isa = PBXGroup;
			children = (
				F442F00027CEFD1100E48724 /* RenderingTextToMultimedia */,
				F442F01727CEFD1300E48724 /* RenderingTextToMultimediaTests */,
				F442F02127CEFD1300E48724 /* RenderingTextToMultimediaUITests */,
				F442EFFF27CEFD1100E48724 /* Products */,
			);
			sourceTree = "<group>";
		};
		F442EFFF27CEFD1100E48724 /* Products */ = {
			isa = PBXGroup;
			children = (
				F442EFFE27CEFD1100E48724 /* RenderingTextToMultimedia.app */,
				F442F01427CEFD1300E48724 /* RenderingTextToMultimediaTests.xctest */,
				F442F01E27CEFD1300E48724 /* RenderingTextToMultimediaUITests.xctest */,
			);
			name = Products;
			sourceTree = "<group>";
		};
		F442F00027CEFD1100E48724 /* RenderingTextToMultimedia */ = {
			isa = PBXGroup;
			children = (
				F442F00127CEFD1100E48724 /* AppDelegate.swift */,
				F442F00327CEFD1100E48724 /* SceneDelegate.swift */,
				F442F00527CEFD1100E48724 /* ViewController.swift */,
				F442F00727CEFD1100E48724 /* Main.storyboard */,
				F442F00A27CEFD1200E48724 /* Assets.xcassets */,
				F442F00C27CEFD1200E48724 /* LaunchScreen.storyboard */,
				F442F00F27CEFD1200E48724 /* Info.plist */,
			);
			path = RenderingTextToMultimedia;
			sourceTree = "<group>";
		};
		F442F01727CEFD1300E48724 /* RenderingTextToMultimediaTests */ = {
			isa = PBXGroup;
			children = (
				F442F01827CEFD1300E48724 /* RenderingTextToMultimediaTests.swift */,
			);
			path = RenderingTextToMultimediaTests;
			sourceTree = "<group>";
		};
		F442F02127CEFD1300E48724 /* RenderingTextToMultimediaUITests */ = {
			isa = PBXGroup;
			children = (
				F442F02227CEFD1300E48724 /* RenderingTextToMultimediaUITests.swift */,
				F442F02427CEFD1300E48724 /* RenderingTextToMultimediaUITestsLaunchTests.swift */,
			);
			path = RenderingTextToMultimediaUITests;
			sourceTree = "<group>";
		};
/* End PBXGroup section */

/* Begin PBXNativeTarget section */
		F442EFFD27CEFD1100E48724 /* RenderingTextToMultimedia */ = {
			isa = PBXNativeTarget;
			buildConfigurationList = F442F02827CEFD1300E48724 /* Build configuration list for PBXNativeTarget "RenderingTextToMultimedia" */;
			buildPhases = (
				F442EFFA27CEFD1100E48724 /* Sources */,
				F442EFFB27CEFD1100E48724 /* Frameworks */,
				F442EFFC27CEFD1100E48724 /* Resources */,
			);
			buildRules = (
			);
			dependencies = (
			);
			name = RenderingTextToMultimedia;
			productName = RenderingTextToMultimedia;
			productReference = F442EFFE27CEFD1100E48724 /* RenderingTextToMultimedia.app */;
			productType = "com.apple.product-type.application";
		};
		F442F01327CEFD1300E48724 /* RenderingTextToMultimediaTests */ = {
			isa = PBXNativeTarget;
			buildConfigurationList = F442F02B27CEFD1300E48724 /* Build configuration list for PBXNativeTarget "RenderingTextToMultimediaTests" */;
			buildPhases = (
				F442F01027CEFD1300E48724 /* Sources */,
				F442F01127CEFD1300E48724 /* Frameworks */,
				F442F01227CEFD1300E48724 /* Resources */,
			);
			buildRules = (
			);
			dependencies = (
				F442F01627CEFD1300E48724 /* PBXTargetDependency */,
			);
			name = RenderingTextToMultimediaTests;
			productName = RenderingTextToMultimediaTests;
			productReference = F442F01427CEFD1300E48724 /* RenderingTextToMultimediaTests.xctest */;
			productType = "com.apple.product-type.bundle.unit-test";
		};
		F442F01D27CEFD1300E48724 /* RenderingTextToMultimediaUITests */ = {
			isa = PBXNativeTarget;
			buildConfigurationList = F442F02E27CEFD1300E48724 /* Build configuration list for PBXNativeTarget "RenderingTextToMultimediaUITests" */;
			buildPhases = (
				F442F01A27CEFD1300E48724 /* Sources */,
				F442F01B27CEFD1300E48724 /* Frameworks */,
				F442F01C27CEFD1300E48724 /* Resources */,
			);
			buildRules = (
			);
			dependencies = (
				F442F02027CEFD1300E48724 /* PBXTargetDependency */,
			);
			name = RenderingTextToMultimediaUITests;
			productName = RenderingTextToMultimediaUITests;
			productReference = F442F01E27CEFD1300E48724 /* RenderingTextToMultimediaUITests.xctest */;
			productType = "com.apple.product-type.bundle.ui-testing";
		};
/* End PBXNativeTarget section */

/* Begin PBXProject section */
		F442EFF627CEFD1100E48724 /* Project object */ = {
			isa = PBXProject;
			attributes = {
				BuildIndependentTargetsInParallel = 1;
				LastSwiftUpdateCheck = 1320;
				LastUpgradeCheck = 1320;
				TargetAttributes = {
					F442EFFD27CEFD1100E48724 = {
						CreatedOnToolsVersion = 13.2.1;
					};
					F442F01327CEFD1300E48724 = {
						CreatedOnToolsVersion = 13.2.1;
						TestTargetID = F442EFFD27CEFD1100E48724;
					};
					F442F01D27CEFD1300E48724 = {
						CreatedOnToolsVersion = 13.2.1;
						TestTargetID = F442EFFD27CEFD1100E48724;
					};
				};
			};
			buildConfigurationList = F442EFF927CEFD1100E48724 /* Build configuration list for PBXProject "RenderingTextToMultimedia" */;
			compatibilityVersion = "Xcode 13.0";
			developmentRegion = en;
			hasScannedForEncodings = 0;
			knownRegions = (
				en,
				Base,
			);
			mainGroup = F442EFF527CEFD1100E48724;
			productRefGroup = F442EFFF27CEFD1100E48724 /* Products */;
			projectDirPath = "";
			projectRoot = "";
			targets = (
				F442EFFD27CEFD1100E48724 /* RenderingTextToMultimedia */,
				F442F01327CEFD1300E48724 /* RenderingTextToMultimediaTests */,
				F442F01D27CEFD1300E48724 /* RenderingTextToMultimediaUITests */,
			);
		};
/* End PBXProject section */

/* Begin PBXResourcesBuildPhase section */
		F442EFFC27CEFD1100E48724 /* Resources */ = {
			isa = PBXResourcesBuildPhase;
			buildActionMask = 2147483647;
			files = (
				F442F00E27CEFD1200E48724 /* LaunchScreen.storyboard in Resources */,
				F442F00B27CEFD1200E48724 /* Assets.xcassets in Resources */,
				F442F00927CEFD1100E48724 /* Main.storyboard in Resources */,
			);
			runOnlyForDeploymentPostprocessing = 0;
		};
		F442F01227CEFD1300E48724 /* Resources */ = {
			isa = PBXResourcesBuildPhase;
			buildActionMask = 2147483647;
			files = (
			);
			runOnlyForDeploymentPostprocessing = 0;
		};
		F442F01C27CEFD1300E48724 /* Resources */ = {
			isa = PBXResourcesBuildPhase;
			buildActionMask = 2147483647;
			files = (
			);
			runOnlyForDeploymentPostprocessing = 0;
		};
/* End PBXResourcesBuildPhase section */

/* Begin PBXSourcesBuildPhase section */
		F442EFFA27CEFD1100E48724 /* Sources */ = {
			isa = PBXSourcesBuildPhase;
			buildActionMask = 2147483647;
			files = (
				F442F00627CEFD1100E48724 /* ViewController.swift in Sources */,
				F442F00227CEFD1100E48724 /* AppDelegate.swift in Sources */,
				F442F00427CEFD1100E48724 /* SceneDelegate.swift in Sources */,
			);
			runOnlyForDeploymentPostprocessing = 0;
		};
		F442F01027CEFD1300E48724 /* Sources */ = {
			isa = PBXSourcesBuildPhase;
			buildActionMask = 2147483647;
			files = (
				F442F01927CEFD1300E48724 /* RenderingTextToMultimediaTests.swift in Sources */,
			);
			runOnlyForDeploymentPostprocessing = 0;
		};
		F442F01A27CEFD1300E48724 /* Sources */ = {
			isa = PBXSourcesBuildPhase;
			buildActionMask = 2147483647;
			files = (
				F442F02527CEFD1300E48724 /* RenderingTextToMultimediaUITestsLaunchTests.swift in Sources */,
				F442F02327CEFD1300E48724 /* RenderingTextToMultimediaUITests.swift in Sources */,
			);
			runOnlyForDeploymentPostprocessing = 0;
		};
/* End PBXSourcesBuildPhase section */

/* Begin PBXTargetDependency section */
		F442F01627CEFD1300E48724 /* PBXTargetDependency */ = {
			isa = PBXTargetDependency;
			target = F442EFFD27CEFD1100E48724 /* RenderingTextToMultimedia */;
			targetProxy = F442F01527CEFD1300E48724 /* PBXContainerItemProxy */;
		};
		F442F02027CEFD1300E48724 /* PBXTargetDependency */ = {
			isa = PBXTargetDependency;
			target = F442EFFD27CEFD1100E48724 /* RenderingTextToMultimedia */;
			targetProxy = F442F01F27CEFD1300E48724 /* PBXContainerItemProxy */;
		};
/* End PBXTargetDependency section */

/* Begin PBXVariantGroup section */
		F442F00727CEFD1100E48724 /* Main.storyboard */ = {
			isa = PBXVariantGroup;
			children = (
				F442F00827CEFD1100E48724 /* Base */,
			);
			name = Main.storyboard;
			sourceTree = "<group>";
		};
		F442F00C27CEFD1200E48724 /* LaunchScreen.storyboard */ = {
			isa = PBXVariantGroup;
			children = (
				F442F00D27CEFD1200E48724 /* Base */,
			);
			name = LaunchScreen.storyboard;
			sourceTree = "<group>";
		};
/* End PBXVariantGroup section */

/* Begin XCBuildConfiguration section */
		F442F02627CEFD1300E48724 /* Debug */ = {
			isa = XCBuildConfiguration;
			buildSettings = {
				ALWAYS_SEARCH_USER_PATHS = NO;
				CLANG_ANALYZER_NONNULL = YES;
				CLANG_ANALYZER_NUMBER_OBJECT_CONVERSION = YES_AGGRESSIVE;
				CLANG_CXX_LANGUAGE_STANDARD = "gnu++17";
				CLANG_CXX_LIBRARY = "libc++";
				CLANG_ENABLE_MODULES = YES;
				CLANG_ENABLE_OBJC_ARC = YES;
				CLANG_ENABLE_OBJC_WEAK = YES;
				CLANG_WARN_BLOCK_CAPTURE_AUTORELEASING = YES;
				CLANG_WARN_BOOL_CONVERSION = YES;
				CLANG_WARN_COMMA = YES;
				CLANG_WARN_CONSTANT_CONVERSION = YES;
				CLANG_WARN_DEPRECATED_OBJC_IMPLEMENTATIONS = YES;
				CLANG_WARN_DIRECT_OBJC_ISA_USAGE = YES_ERROR;
				CLANG_WARN_DOCUMENTATION_COMMENTS = YES;
				CLANG_WARN_EMPTY_BODY = YES;
				CLANG_WARN_ENUM_CONVERSION = YES;
				CLANG_WARN_INFINITE_RECURSION = YES;
				CLANG_WARN_INT_CONVERSION = YES;
				CLANG_WARN_NON_LITERAL_NULL_CONVERSION = YES;
				CLANG_WARN_OBJC_IMPLICIT_RETAIN_SELF = YES;
				CLANG_WARN_OBJC_LITERAL_CONVERSION = YES;
				CLANG_WARN_OBJC_ROOT_CLASS = YES_ERROR;
				CLANG_WARN_QUOTED_INCLUDE_IN_FRAMEWORK_HEADER = YES;
				CLANG_WARN_RANGE_LOOP_ANALYSIS = YES;
				CLANG_WARN_STRICT_PROTOTYPES = YES;
				CLANG_WARN_SUSPICIOUS_MOVE = YES;
				CLANG_WARN_UNGUARDED_AVAILABILITY = YES_AGGRESSIVE;
				CLANG_WARN_UNREACHABLE_CODE = YES;
				CLANG_WARN__DUPLICATE_METHOD_MATCH = YES;
				COPY_PHASE_STRIP = NO;
				DEBUG_INFORMATION_FORMAT = dwarf;
				ENABLE_STRICT_OBJC_MSGSEND = YES;
				ENABLE_TESTABILITY = YES;
				GCC_C_LANGUAGE_STANDARD = gnu11;
				GCC_DYNAMIC_NO_PIC = NO;
				GCC_NO_COMMON_BLOCKS = YES;
				GCC_OPTIMIZATION_LEVEL = 0;
				GCC_PREPROCESSOR_DEFINITIONS = (
					"DEBUG=1",
					"$(inherited)",
				);
				GCC_WARN_64_TO_32_BIT_CONVERSION = YES;
				GCC_WARN_ABOUT_RETURN_TYPE = YES_ERROR;
				GCC_WARN_UNDECLARED_SELECTOR = YES;
				GCC_WARN_UNINITIALIZED_AUTOS = YES_AGGRESSIVE;
				GCC_WARN_UNUSED_FUNCTION = YES;
				GCC_WARN_UNUSED_VARIABLE = YES;
				IPHONEOS_DEPLOYMENT_TARGET = 15.2;
				MTL_ENABLE_DEBUG_INFO = INCLUDE_SOURCE;
				MTL_FAST_MATH = YES;
				ONLY_ACTIVE_ARCH = YES;
				SDKROOT = iphoneos;
				SWIFT_ACTIVE_COMPILATION_CONDITIONS = DEBUG;
				SWIFT_OPTIMIZATION_LEVEL = "-Onone";
			};
			name = Debug;
		};
		F442F02727CEFD1300E48724 /* Release */ = {
			isa = XCBuildConfiguration;
			buildSettings = {
				ALWAYS_SEARCH_USER_PATHS = NO;
				CLANG_ANALYZER_NONNULL = YES;
				CLANG_ANALYZER_NUMBER_OBJECT_CONVERSION = YES_AGGRESSIVE;
				CLANG_CXX_LANGUAGE_STANDARD = "gnu++17";
				CLANG_CXX_LIBRARY = "libc++";
				CLANG_ENABLE_MODULES = YES;
				CLANG_ENABLE_OBJC_ARC = YES;
				CLANG_ENABLE_OBJC_WEAK = YES;
				CLANG_WARN_BLOCK_CAPTURE_AUTORELEASING = YES;
				CLANG_WARN_BOOL_CONVERSION = YES;
				CLANG_WARN_COMMA = YES;
				CLANG_WARN_CONSTANT_CONVERSION = YES;
				CLANG_WARN_DEPRECATED_OBJC_IMPLEMENTATIONS = YES;
				CLANG_WARN_DIRECT_OBJC_ISA_USAGE = YES_ERROR;
				CLANG_WARN_DOCUMENTATION_COMMENTS = YES;
				CLANG_WARN_EMPTY_BODY = YES;
				CLANG_WARN_ENUM_CONVERSION = YES;
				CLANG_WARN_INFINITE_RECURSION = YES;
				CLANG_WARN_INT_CONVERSION = YES;
				CLANG_WARN_NON_LITERAL_NULL_CONVERSION = YES;
				CLANG_WARN_OBJC_IMPLICIT_RETAIN_SELF = YES;
				CLANG_WARN_OBJC_LITERAL_CONVERSION = YES;
				CLANG_WARN_OBJC_ROOT_CLASS = YES_ERROR;
				CLANG_WARN_QUOTED_INCLUDE_IN_FRAMEWORK_HEADER = YES;
				CLANG_WARN_RANGE_LOOP_ANALYSIS = YES;
				CLANG_WARN_STRICT_PROTOTYPES = YES;
				CLANG_WARN_SUSPICIOUS_MOVE = YES;
				CLANG_WARN_UNGUARDED_AVAILABILITY = YES_AGGRESSIVE;
				CLANG_WARN_UNREACHABLE_CODE = YES;
				CLANG_WARN__DUPLICATE_METHOD_MATCH = YES;
				COPY_PHASE_STRIP = NO;
				DEBUG_INFORMATION_FORMAT = "dwarf-with-dsym";
				ENABLE_NS_ASSERTIONS = NO;
				ENABLE_STRICT_OBJC_MSGSEND = YES;
				GCC_C_LANGUAGE_STANDARD = gnu11;
				GCC_NO_COMMON_BLOCKS = YES;
				GCC_WARN_64_TO_32_BIT_CONVERSION = YES;
				GCC_WARN_ABOUT_RETURN_TYPE = YES_ERROR;
				GCC_WARN_UNDECLARED_SELECTOR = YES;
				GCC_WARN_UNINITIALIZED_AUTOS = YES_AGGRESSIVE;
				GCC_WARN_UNUSED_FUNCTION = YES;
				GCC_WARN_UNUSED_VARIABLE = YES;
				IPHONEOS_DEPLOYMENT_TARGET = 15.2;
				MTL_ENABLE_DEBUG_INFO = NO;
				MTL_FAST_MATH = YES;
				SDKROOT = iphoneos;
				SWIFT_COMPILATION_MODE = wholemodule;
				SWIFT_OPTIMIZATION_LEVEL = "-O";
				VALIDATE_PRODUCT = YES;
			};
			name = Release;
		};
		F442F02927CEFD1300E48724 /* Debug */ = {
			isa = XCBuildConfiguration;
			buildSettings = {
				ASSETCATALOG_COMPILER_APPICON_NAME = AppIcon;
				ASSETCATALOG_COMPILER_GLOBAL_ACCENT_COLOR_NAME = AccentColor;
				CODE_SIGN_STYLE = Automatic;
				CURRENT_PROJECT_VERSION = 1;
				DEVELOPMENT_TEAM = CNG79B32AZ;
				GENERATE_INFOPLIST_FILE = YES;
				INFOPLIST_FILE = RenderingTextToMultimedia/Info.plist;
				INFOPLIST_KEY_UIApplicationSupportsIndirectInputEvents = YES;
				INFOPLIST_KEY_UILaunchStoryboardName = LaunchScreen;
				INFOPLIST_KEY_UIMainStoryboardFile = Main;
				INFOPLIST_KEY_UISupportedInterfaceOrientations_iPad = "UIInterfaceOrientationPortrait UIInterfaceOrientationPortraitUpsideDown UIInterfaceOrientationLandscapeLeft UIInterfaceOrientationLandscapeRight";
				INFOPLIST_KEY_UISupportedInterfaceOrientations_iPhone = "UIInterfaceOrientationPortrait UIInterfaceOrientationLandscapeLeft UIInterfaceOrientationLandscapeRight";
				LD_RUNPATH_SEARCH_PATHS = (
					"$(inherited)",
					"@executable_path/Frameworks",
				);
				MARKETING_VERSION = 1.0;
				PRODUCT_BUNDLE_IDENTIFIER = com.banjodayo.RenderingTextToMultimedia;
				PRODUCT_NAME = "$(TARGET_NAME)";
				SWIFT_EMIT_LOC_STRINGS = YES;
				SWIFT_VERSION = 5.0;
				TARGETED_DEVICE_FAMILY = "1,2";
			};
			name = Debug;
		};
		F442F02A27CEFD1300E48724 /* Release */ = {
			isa = XCBuildConfiguration;
			buildSettings = {
				ASSETCATALOG_COMPILER_APPICON_NAME = AppIcon;
				ASSETCATALOG_COMPILER_GLOBAL_ACCENT_COLOR_NAME = AccentColor;
				CODE_SIGN_STYLE = Automatic;
				CURRENT_PROJECT_VERSION = 1;
				DEVELOPMENT_TEAM = CNG79B32AZ;
				GENERATE_INFOPLIST_FILE = YES;
				INFOPLIST_FILE = RenderingTextToMultimedia/Info.plist;
				INFOPLIST_KEY_UIApplicationSupportsIndirectInputEvents = YES;
				INFOPLIST_KEY_UILaunchStoryboardName = LaunchScreen;
				INFOPLIST_KEY_UIMainStoryboardFile = Main;
				INFOPLIST_KEY_UISupportedInterfaceOrientations_iPad = "UIInterfaceOrientationPortrait UIInterfaceOrientationPortraitUpsideDown UIInterfaceOrientationLandscapeLeft UIInterfaceOrientationLandscapeRight";
				INFOPLIST_KEY_UISupportedInterfaceOrientations_iPhone = "UIInterfaceOrientationPortrait UIInterfaceOrientationLandscapeLeft UIInterfaceOrientationLandscapeRight";
				LD_RUNPATH_SEARCH_PATHS = (
					"$(inherited)",
					"@executable_path/Frameworks",
				);
				MARKETING_VERSION = 1.0;
				PRODUCT_BUNDLE_IDENTIFIER = com.banjodayo.RenderingTextToMultimedia;
				PRODUCT_NAME = "$(TARGET_NAME)";
				SWIFT_EMIT_LOC_STRINGS = YES;
				SWIFT_VERSION = 5.0;
				TARGETED_DEVICE_FAMILY = "1,2";
			};
			name = Release;
		};
		F442F02C27CEFD1300E48724 /* Debug */ = {
			isa = XCBuildConfiguration;
			buildSettings = {
				ALWAYS_EMBED_SWIFT_STANDARD_LIBRARIES = YES;
				BUNDLE_LOADER = "$(TEST_HOST)";
				CODE_SIGN_STYLE = Automatic;
				CURRENT_PROJECT_VERSION = 1;
				DEVELOPMENT_TEAM = CNG79B32AZ;
				GENERATE_INFOPLIST_FILE = YES;
				IPHONEOS_DEPLOYMENT_TARGET = 15.2;
				MARKETING_VERSION = 1.0;
				PRODUCT_BUNDLE_IDENTIFIER = com.banjodayo.RenderingTextToMultimediaTests;
				PRODUCT_NAME = "$(TARGET_NAME)";
				SWIFT_EMIT_LOC_STRINGS = NO;
				SWIFT_VERSION = 5.0;
				TARGETED_DEVICE_FAMILY = "1,2";
				TEST_HOST = "$(BUILT_PRODUCTS_DIR)/RenderingTextToMultimedia.app/RenderingTextToMultimedia";
			};
			name = Debug;
		};
		F442F02D27CEFD1300E48724 /* Release */ = {
			isa = XCBuildConfiguration;
			buildSettings = {
				ALWAYS_EMBED_SWIFT_STANDARD_LIBRARIES = YES;
				BUNDLE_LOADER = "$(TEST_HOST)";
				CODE_SIGN_STYLE = Automatic;
				CURRENT_PROJECT_VERSION = 1;
				DEVELOPMENT_TEAM = CNG79B32AZ;
				GENERATE_INFOPLIST_FILE = YES;
				IPHONEOS_DEPLOYMENT_TARGET = 15.2;
				MARKETING_VERSION = 1.0;
				PRODUCT_BUNDLE_IDENTIFIER = com.banjodayo.RenderingTextToMultimediaTests;
				PRODUCT_NAME = "$(TARGET_NAME)";
				SWIFT_EMIT_LOC_STRINGS = NO;
				SWIFT_VERSION = 5.0;
				TARGETED_DEVICE_FAMILY = "1,2";
				TEST_HOST = "$(BUILT_PRODUCTS_DIR)/RenderingTextToMultimedia.app/RenderingTextToMultimedia";
			};
			name = Release;
		};
		F442F02F27CEFD1300E48724 /* Debug */ = {
			isa = XCBuildConfiguration;
			buildSettings = {
				ALWAYS_EMBED_SWIFT_STANDARD_LIBRARIES = YES;
				CODE_SIGN_STYLE = Automatic;
				CURRENT_PROJECT_VERSION = 1;
				DEVELOPMENT_TEAM = CNG79B32AZ;
				GENERATE_INFOPLIST_FILE = YES;
				MARKETING_VERSION = 1.0;
				PRODUCT_BUNDLE_IDENTIFIER = com.banjodayo.RenderingTextToMultimediaUITests;
				PRODUCT_NAME = "$(TARGET_NAME)";
				SWIFT_EMIT_LOC_STRINGS = NO;
				SWIFT_VERSION = 5.0;
				TARGETED_DEVICE_FAMILY = "1,2";
				TEST_TARGET_NAME = RenderingTextToMultimedia;
			};
			name = Debug;
		};
		F442F03027CEFD1300E48724 /* Release */ = {
			isa = XCBuildConfiguration;
			buildSettings = {
				ALWAYS_EMBED_SWIFT_STANDARD_LIBRARIES = YES;
				CODE_SIGN_STYLE = Automatic;
				CURRENT_PROJECT_VERSION = 1;
				DEVELOPMENT_TEAM = CNG79B32AZ;
				GENERATE_INFOPLIST_FILE = YES;
				MARKETING_VERSION = 1.0;
				PRODUCT_BUNDLE_IDENTIFIER = com.banjodayo.RenderingTextToMultimediaUITests;
				PRODUCT_NAME = "$(TARGET_NAME)";
				SWIFT_EMIT_LOC_STRINGS = NO;
				SWIFT_VERSION = 5.0;
				TARGETED_DEVICE_FAMILY = "1,2";
				TEST_TARGET_NAME = RenderingTextToMultimedia;
			};
			name = Release;
		};
/* End XCBuildConfiguration section */

/* Begin XCConfigurationList section */
		F442EFF927CEFD1100E48724 /* Build configuration list for PBXProject "RenderingTextToMultimedia" */ = {
			isa = XCConfigurationList;
			buildConfigurations = (
				F442F02627CEFD1300E48724 /* Debug */,
				F442F02727CEFD1300E48724 /* Release */,
			);
			defaultConfigurationIsVisible = 0;
			defaultConfigurationName = Release;
		};
		F442F02827CEFD1300E48724 /* Build configuration list for PBXNativeTarget "RenderingTextToMultimedia" */ = {
			isa = XCConfigurationList;
			buildConfigurations = (
				F442F02927CEFD1300E48724 /* Debug */,
				F442F02A27CEFD1300E48724 /* Release */,
			);
			defaultConfigurationIsVisible = 0;
			defaultConfigurationName = Release;
		};
		F442F02B27CEFD1300E48724 /* Build configuration list for PBXNativeTarget "RenderingTextToMultimediaTests" */ = {
			isa = XCConfigurationList;
			buildConfigurations = (
				F442F02C27CEFD1300E48724 /* Debug */,
				F442F02D27CEFD1300E48724 /* Release */,
			);
			defaultConfigurationIsVisible = 0;
			defaultConfigurationName = Release;
		};
		F442F02E27CEFD1300E48724 /* Build configuration list for PBXNativeTarget "RenderingTextToMultimediaUITests" */ = {
			isa = XCConfigurationList;
			buildConfigurations = (
				F442F02F27CEFD1300E48724 /* Debug */,
				F442F03027CEFD1300E48724 /* Release */,
			);
			defaultConfigurationIsVisible = 0;
			defaultConfigurationName = Release;
		};
/* End XCConfigurationList section */
	};
	rootObject = F442EFF627CEFD1100E48724 /* Project object */;
}
